// !$*UTF8*$!
{
	archiveVersion = 1;
	classes = {
	};
	objectVersion = 54;
	objects = {

/* Begin PBXBuildFile section */
		03598A7D20BE922200541E95 /* AppDelegate.swift in Sources */ = {isa = PBXBuildFile; fileRef = 03598A7C20BE922200541E95 /* AppDelegate.swift */; };
		03598A7F20BE922200541E95 /* ViewController.swift in Sources */ = {isa = PBXBuildFile; fileRef = 03598A7E20BE922200541E95 /* ViewController.swift */; };
		03598A8220BE922200541E95 /* Main.storyboard in Resources */ = {isa = PBXBuildFile; fileRef = 03598A8020BE922200541E95 /* Main.storyboard */; };
		03598A8520BE922200541E95 /* PlaceholderAnimation.xcdatamodeld in Sources */ = {isa = PBXBuildFile; fileRef = 03598A8320BE922200541E95 /* PlaceholderAnimation.xcdatamodeld */; };
		03598A8720BE922200541E95 /* Assets.xcassets in Resources */ = {isa = PBXBuildFile; fileRef = 03598A8620BE922200541E95 /* Assets.xcassets */; };
		03598A8A20BE922200541E95 /* LaunchScreen.storyboard in Resources */ = {isa = PBXBuildFile; fileRef = 03598A8820BE922200541E95 /* LaunchScreen.storyboard */; };
		036B407720D8D37100A43EFD /* DemoVC.swift in Sources */ = {isa = PBXBuildFile; fileRef = 036B407620D8D37100A43EFD /* DemoVC.swift */; };
/* End PBXBuildFile section */

/* Begin PBXFileReference section */
		03598A7920BE922200541E95 /* PlaceholderAnimation.app */ = {isa = PBXFileReference; explicitFileType = wrapper.application; includeInIndex = 0; path = PlaceholderAnimation.app; sourceTree = BUILT_PRODUCTS_DIR; };
		03598A7C20BE922200541E95 /* AppDelegate.swift */ = {isa = PBXFileReference; lastKnownFileType = sourcecode.swift; path = AppDelegate.swift; sourceTree = "<group>"; };
		03598A7E20BE922200541E95 /* ViewController.swift */ = {isa = PBXFileReference; lastKnownFileType = sourcecode.swift; path = ViewController.swift; sourceTree = "<group>"; };
		03598A8120BE922200541E95 /* Base */ = {isa = PBXFileReference; lastKnownFileType = file.storyboard; name = Base; path = Base.lproj/Main.storyboard; sourceTree = "<group>"; };
		03598A8420BE922200541E95 /* PlaceholderAnimation.xcdatamodel */ = {isa = PBXFileReference; lastKnownFileType = wrapper.xcdatamodel; path = PlaceholderAnimation.xcdatamodel; sourceTree = "<group>"; };
		03598A8620BE922200541E95 /* Assets.xcassets */ = {isa = PBXFileReference; lastKnownFileType = folder.assetcatalog; path = Assets.xcassets; sourceTree = "<group>"; };
		03598A8920BE922200541E95 /* Base */ = {isa = PBXFileReference; lastKnownFileType = file.storyboard; name = Base; path = Base.lproj/LaunchScreen.storyboard; sourceTree = "<group>"; };
		03598A8B20BE922200541E95 /* Info.plist */ = {isa = PBXFileReference; lastKnownFileType = text.plist.xml; path = Info.plist; sourceTree = "<group>"; };
		036B407620D8D37100A43EFD /* DemoVC.swift */ = {isa = PBXFileReference; lastKnownFileType = sourcecode.swift; path = DemoVC.swift; sourceTree = "<group>"; };
/* End PBXFileReference section */

/* Begin PBXFrameworksBuildPhase section */
		03598A7620BE922200541E95 /* Frameworks */ = {
			isa = PBXFrameworksBuildPhase;
			buildActionMask = 2147483647;
			files = (
			);
			runOnlyForDeploymentPostprocessing = 0;
		};
/* End PBXFrameworksBuildPhase section */

/* Begin PBXGroup section */
		03598A7020BE922200541E95 = {
			isa = PBXGroup;
			children = (
				03598A7B20BE922200541E95 /* PlaceholderAnimation */,
				03598A7A20BE922200541E95 /* Products */,
			);
			sourceTree = "<group>";
		};
		03598A7A20BE922200541E95 /* Products */ = {
			isa = PBXGroup;
			children = (
				03598A7920BE922200541E95 /* PlaceholderAnimation.app */,
			);
			name = Products;
			sourceTree = "<group>";
		};
		03598A7B20BE922200541E95 /* PlaceholderAnimation */ = {
			isa = PBXGroup;
			children = (
				03598A9520BE925400541E95 /* Model */,
				03598A9320BE924300541E95 /* Asset */,
				03598A9220BE923900541E95 /* Storyboards */,
				03598A9120BE922A00541E95 /* Classes */,
				03598A9420BE924A00541E95 /* Resources */,
			);
			path = PlaceholderAnimation;
			sourceTree = "<group>";
		};
		03598A9120BE922A00541E95 /* Classes */ = {
			isa = PBXGroup;
			children = (
				03598A7C20BE922200541E95 /* AppDelegate.swift */,
				03598A7E20BE922200541E95 /* ViewController.swift */,
				036B407620D8D37100A43EFD /* DemoVC.swift */,
			);
			path = Classes;
			sourceTree = "<group>";
		};
		03598A9220BE923900541E95 /* Storyboards */ = {
			isa = PBXGroup;
			children = (
				03598A8020BE922200541E95 /* Main.storyboard */,
				03598A8820BE922200541E95 /* LaunchScreen.storyboard */,
			);
			path = Storyboards;
			sourceTree = "<group>";
		};
		03598A9320BE924300541E95 /* Asset */ = {
			isa = PBXGroup;
			children = (
				03598A8620BE922200541E95 /* Assets.xcassets */,
			);
			path = Asset;
			sourceTree = "<group>";
		};
		03598A9420BE924A00541E95 /* Resources */ = {
			isa = PBXGroup;
			children = (
				03598A8B20BE922200541E95 /* Info.plist */,
			);
			path = Resources;
			sourceTree = "<group>";
		};
		03598A9520BE925400541E95 /* Model */ = {
			isa = PBXGroup;
			children = (
				03598A9620BE926A00541E95 /* CoreData */,
			);
			path = Model;
			sourceTree = "<group>";
		};
		03598A9620BE926A00541E95 /* CoreData */ = {
			isa = PBXGroup;
			children = (
				03598A8320BE922200541E95 /* PlaceholderAnimation.xcdatamodeld */,
			);
			path = CoreData;
			sourceTree = "<group>";
		};
/* End PBXGroup section */

/* Begin PBXNativeTarget section */
		03598A7820BE922200541E95 /* PlaceholderAnimation */ = {
			isa = PBXNativeTarget;
			buildConfigurationList = 03598A8E20BE922200541E95 /* Build configuration list for PBXNativeTarget "PlaceholderAnimation" */;
			buildPhases = (
				03598A7520BE922200541E95 /* Sources */,
				03598A7620BE922200541E95 /* Frameworks */,
				03598A7720BE922200541E95 /* Resources */,
			);
			buildRules = (
			);
			dependencies = (
			);
			name = PlaceholderAnimation;
			productName = PlaceholderAnimation;
			productReference = 03598A7920BE922200541E95 /* PlaceholderAnimation.app */;
			productType = "com.apple.product-type.application";
		};
/* End PBXNativeTarget section */

/* Begin PBXProject section */
		03598A7120BE922200541E95 /* Project object */ = {
			isa = PBXProject;
			attributes = {
				BuildIndependentTargetsInParallel = YES;
				LastSwiftUpdateCheck = 0920;
				LastUpgradeCheck = 1500;
				ORGANIZATIONNAME = Yudiz;
				TargetAttributes = {
					03598A7820BE922200541E95 = {
						CreatedOnToolsVersion = 9.2;
						ProvisioningStyle = Automatic;
					};
				};
			};
			buildConfigurationList = 03598A7420BE922200541E95 /* Build configuration list for PBXProject "PlaceholderAnimation" */;
			compatibilityVersion = "Xcode 8.0";
			developmentRegion = en;
			hasScannedForEncodings = 0;
			knownRegions = (
				en,
				Base,
			);
			mainGroup = 03598A7020BE922200541E95;
			productRefGroup = 03598A7A20BE922200541E95 /* Products */;
			projectDirPath = "";
			projectRoot = "";
			targets = (
				03598A7820BE922200541E95 /* PlaceholderAnimation */,
			);
		};
/* End PBXProject section */

/* Begin PBXResourcesBuildPhase section */
		03598A7720BE922200541E95 /* Resources */ = {
			isa = PBXResourcesBuildPhase;
			buildActionMask = 2147483647;
			files = (
				03598A8A20BE922200541E95 /* LaunchScreen.storyboard in Resources */,
				03598A8720BE922200541E95 /* Assets.xcassets in Resources */,
				03598A8220BE922200541E95 /* Main.storyboard in Resources */,
			);
			runOnlyForDeploymentPostprocessing = 0;
		};
/* End PBXResourcesBuildPhase section */

/* Begin PBXSourcesBuildPhase section */
		03598A7520BE922200541E95 /* Sources */ = {
			isa = PBXSourcesBuildPhase;
			buildActionMask = 2147483647;
			files = (
				03598A7F20BE922200541E95 /* ViewController.swift in Sources */,
				036B407720D8D37100A43EFD /* DemoVC.swift in Sources */,
				03598A7D20BE922200541E95 /* AppDelegate.swift in Sources */,
				03598A8520BE922200541E95 /* PlaceholderAnimation.xcdatamodeld in Sources */,
			);
			runOnlyForDeploymentPostprocessing = 0;
		};
/* End PBXSourcesBuildPhase section */

/* Begin PBXVariantGroup section */
		03598A8020BE922200541E95 /* Main.storyboard */ = {
			isa = PBXVariantGroup;
			children = (
				03598A8120BE922200541E95 /* Base */,
			);
			name = Main.storyboard;
			sourceTree = "<group>";
		};
		03598A8820BE922200541E95 /* LaunchScreen.storyboard */ = {
			isa = PBXVariantGroup;
			children = (
				03598A8920BE922200541E95 /* Base */,
			);
			name = LaunchScreen.storyboard;
			sourceTree = "<group>";
		};
/* End PBXVariantGroup section */

/* Begin XCBuildConfiguration section */
		03598A8C20BE922200541E95 /* Debug */ = {
			isa = XCBuildConfiguration;
			buildSettings = {
				ALWAYS_SEARCH_USER_PATHS = NO;
				CLANG_ANALYZER_NONNULL = YES;
				CLANG_ANALYZER_NUMBER_OBJECT_CONVERSION = YES_AGGRESSIVE;
				CLANG_CXX_LANGUAGE_STANDARD = "gnu++14";
				CLANG_CXX_LIBRARY = "libc++";
				CLANG_ENABLE_MODULES = YES;
				CLANG_ENABLE_OBJC_ARC = YES;
				CLANG_WARN_BLOCK_CAPTURE_AUTORELEASING = YES;
				CLANG_WARN_BOOL_CONVERSION = YES;
				CLANG_WARN_COMMA = YES;
				CLANG_WARN_CONSTANT_CONVERSION = YES;
				CLANG_WARN_DEPRECATED_OBJC_IMPLEMENTATIONS = YES;
				CLANG_WARN_DIRECT_OBJC_ISA_USAGE = YES_ERROR;
				CLANG_WARN_DOCUMENTATION_COMMENTS = YES;
				CLANG_WARN_EMPTY_BODY = YES;
				CLANG_WARN_ENUM_CONVERSION = YES;
				CLANG_WARN_INFINITE_RECURSION = YES;
				CLANG_WARN_INT_CONVERSION = YES;
				CLANG_WARN_NON_LITERAL_NULL_CONVERSION = YES;
				CLANG_WARN_OBJC_IMPLICIT_RETAIN_SELF = YES;
				CLANG_WARN_OBJC_LITERAL_CONVERSION = YES;
				CLANG_WARN_OBJC_ROOT_CLASS = YES_ERROR;
				CLANG_WARN_QUOTED_INCLUDE_IN_FRAMEWORK_HEADER = YES;
				CLANG_WARN_RANGE_LOOP_ANALYSIS = YES;
				CLANG_WARN_STRICT_PROTOTYPES = YES;
				CLANG_WARN_SUSPICIOUS_MOVE = YES;
				CLANG_WARN_UNGUARDED_AVAILABILITY = YES_AGGRESSIVE;
				CLANG_WARN_UNREACHABLE_CODE = YES;
				CLANG_WARN__DUPLICATE_METHOD_MATCH = YES;
				CODE_SIGN_IDENTITY = "iPhone Developer";
				COPY_PHASE_STRIP = NO;
				DEBUG_INFORMATION_FORMAT = dwarf;
				ENABLE_STRICT_OBJC_MSGSEND = YES;
				ENABLE_TESTABILITY = YES;
				ENABLE_USER_SCRIPT_SANDBOXING = YES;
				GCC_C_LANGUAGE_STANDARD = gnu11;
				GCC_DYNAMIC_NO_PIC = NO;
				GCC_NO_COMMON_BLOCKS = YES;
				GCC_OPTIMIZATION_LEVEL = 0;
				GCC_PREPROCESSOR_DEFINITIONS = (
					"DEBUG=1",
					"$(inherited)",
				);
				GCC_WARN_64_TO_32_BIT_CONVERSION = YES;
				GCC_WARN_ABOUT_RETURN_TYPE = YES_ERROR;
				GCC_WARN_UNDECLARED_SELECTOR = YES;
				GCC_WARN_UNINITIALIZED_AUTOS = YES_AGGRESSIVE;
				GCC_WARN_UNUSED_FUNCTION = YES;
				GCC_WARN_UNUSED_VARIABLE = YES;
				IPHONEOS_DEPLOYMENT_TARGET = 12.0;
				MTL_ENABLE_DEBUG_INFO = YES;
				ONLY_ACTIVE_ARCH = YES;
				SDKROOT = iphoneos;
				SWIFT_ACTIVE_COMPILATION_CONDITIONS = DEBUG;
				SWIFT_OPTIMIZATION_LEVEL = "-Onone";
			};
			name = Debug;
		};
		03598A8D20BE922200541E95 /* Release */ = {
			isa = XCBuildConfiguration;
			buildSettings = {
				ALWAYS_SEARCH_USER_PATHS = NO;
				CLANG_ANALYZER_NONNULL = YES;
				CLANG_ANALYZER_NUMBER_OBJECT_CONVERSION = YES_AGGRESSIVE;
				CLANG_CXX_LANGUAGE_STANDARD = "gnu++14";
				CLANG_CXX_LIBRARY = "libc++";
				CLANG_ENABLE_MODULES = YES;
				CLANG_ENABLE_OBJC_ARC = YES;
				CLANG_WARN_BLOCK_CAPTURE_AUTORELEASING = YES;
				CLANG_WARN_BOOL_CONVERSION = YES;
				CLANG_WARN_COMMA = YES;
				CLANG_WARN_CONSTANT_CONVERSION = YES;
				CLANG_WARN_DEPRECATED_OBJC_IMPLEMENTATIONS = YES;
				CLANG_WARN_DIRECT_OBJC_ISA_USAGE = YES_ERROR;
				CLANG_WARN_DOCUMENTATION_COMMENTS = YES;
				CLANG_WARN_EMPTY_BODY = YES;
				CLANG_WARN_ENUM_CONVERSION = YES;
				CLANG_WARN_INFINITE_RECURSION = YES;
				CLANG_WARN_INT_CONVERSION = YES;
				CLANG_WARN_NON_LITERAL_NULL_CONVERSION = YES;
				CLANG_WARN_OBJC_IMPLICIT_RETAIN_SELF = YES;
				CLANG_WARN_OBJC_LITERAL_CONVERSION = YES;
				CLANG_WARN_OBJC_ROOT_CLASS = YES_ERROR;
				CLANG_WARN_QUOTED_INCLUDE_IN_FRAMEWORK_HEADER = YES;
				CLANG_WARN_RANGE_LOOP_ANALYSIS = YES;
				CLANG_WARN_STRICT_PROTOTYPES = YES;
				CLANG_WARN_SUSPICIOUS_MOVE = YES;
				CLANG_WARN_UNGUARDED_AVAILABILITY = YES_AGGRESSIVE;
				CLANG_WARN_UNREACHABLE_CODE = YES;
				CLANG_WARN__DUPLICATE_METHOD_MATCH = YES;
				CODE_SIGN_IDENTITY = "iPhone Developer";
				COPY_PHASE_STRIP = NO;
				DEBUG_INFORMATION_FORMAT = "dwarf-with-dsym";
				ENABLE_NS_ASSERTIONS = NO;
				ENABLE_STRICT_OBJC_MSGSEND = YES;
				ENABLE_USER_SCRIPT_SANDBOXING = YES;
				GCC_C_LANGUAGE_STANDARD = gnu11;
				GCC_NO_COMMON_BLOCKS = YES;
				GCC_WARN_64_TO_32_BIT_CONVERSION = YES;
				GCC_WARN_ABOUT_RETURN_TYPE = YES_ERROR;
				GCC_WARN_UNDECLARED_SELECTOR = YES;
				GCC_WARN_UNINITIALIZED_AUTOS = YES_AGGRESSIVE;
				GCC_WARN_UNUSED_FUNCTION = YES;
				GCC_WARN_UNUSED_VARIABLE = YES;
				IPHONEOS_DEPLOYMENT_TARGET = 12.0;
				MTL_ENABLE_DEBUG_INFO = NO;
				SDKROOT = iphoneos;
				SWIFT_COMPILATION_MODE = wholemodule;
				SWIFT_OPTIMIZATION_LEVEL = "-O";
				VALIDATE_PRODUCT = YES;
			};
			name = Release;
		};
		03598A8F20BE922200541E95 /* Debug */ = {
			isa = XCBuildConfiguration;
			buildSettings = {
				ASSETCATALOG_COMPILER_APPICON_NAME = AppIcon;
				CODE_SIGN_STYLE = Automatic;
				INFOPLIST_FILE = "$(SRCROOT)/PlaceholderAnimation/Resources/Info.plist";
				IPHONEOS_DEPLOYMENT_TARGET = 12.0;
				LD_RUNPATH_SEARCH_PATHS = (
					"$(inherited)",
					"@executable_path/Frameworks",
				);
				PRODUCT_BUNDLE_IDENTIFIER = com.yudiz.PlaceholderAnimation;
				PRODUCT_NAME = "$(TARGET_NAME)";
				SWIFT_VERSION = 5.0;
				TARGETED_DEVICE_FAMILY = "1,2";
			};
			name = Debug;
		};
		03598A9020BE922200541E95 /* Release */ = {
			isa = XCBuildConfiguration;
			buildSettings = {
				ASSETCATALOG_COMPILER_APPICON_NAME = AppIcon;
				CODE_SIGN_STYLE = Automatic;
				INFOPLIST_FILE = "$(SRCROOT)/PlaceholderAnimation/Resources/Info.plist";
				IPHONEOS_DEPLOYMENT_TARGET = 12.0;
				LD_RUNPATH_SEARCH_PATHS = (
					"$(inherited)",
					"@executable_path/Frameworks",
				);
				PRODUCT_BUNDLE_IDENTIFIER = com.yudiz.PlaceholderAnimation;
				PRODUCT_NAME = "$(TARGET_NAME)";
				SWIFT_VERSION = 5.0;
				TARGETED_DEVICE_FAMILY = "1,2";
			};
			name = Release;
		};
/* End XCBuildConfiguration section */

/* Begin XCConfigurationList section */
		03598A7420BE922200541E95 /* Build configuration list for PBXProject "PlaceholderAnimation" */ = {
			isa = XCConfigurationList;
			buildConfigurations = (
				03598A8C20BE922200541E95 /* Debug */,
				03598A8D20BE922200541E95 /* Release */,
			);
			defaultConfigurationIsVisible = 0;
			defaultConfigurationName = Release;
		};
		03598A8E20BE922200541E95 /* Build configuration list for PBXNativeTarget "PlaceholderAnimation" */ = {
			isa = XCConfigurationList;
			buildConfigurations = (
				03598A8F20BE922200541E95 /* Debug */,
				03598A9020BE922200541E95 /* Release */,
			);
			defaultConfigurationIsVisible = 0;
			defaultConfigurationName = Release;
		};
/* End XCConfigurationList section */

/* Begin XCVersionGroup section */
		03598A8320BE922200541E95 /* PlaceholderAnimation.xcdatamodeld */ = {
			isa = XCVersionGroup;
			children = (
				03598A8420BE922200541E95 /* PlaceholderAnimation.xcdatamodel */,
			);
			currentVersion = 03598A8420BE922200541E95 /* PlaceholderAnimation.xcdatamodel */;
			path = PlaceholderAnimation.xcdatamodeld;
			sourceTree = "<group>";
			versionGroupType = wrapper.xcdatamodel;
		};
/* End XCVersionGroup section */
	};
	rootObject = 03598A7120BE922200541E95 /* Project object */;
}
